
Microsoft Visual Studio Solution File, Format Version 12.00
# Visual Studio Version 17
VisualStudioVersion = 17.9.34607.119
MinimumVisualStudioVersion = 10.0.40219.1
Project("{888888A0-9F3D-457C-B088-3A5042F75D52}") = "RL_TicTacToe", "RL_TicTacToe\RL_TicTacToe.pyproj", "{9944D9D4-6ADE-46AD-B1D9-D15660FC53DF}"
EndProject
Global
	GlobalSection(SolutionConfigurationPlatforms) = preSolution
		Debug|Any CPU = Debug|Any CPU
		Release|Any CPU = Release|Any CPU
	EndGlobalSection
	GlobalSection(ProjectConfigurationPlatforms) = postSolution
		{9944D9D4-6ADE-46AD-B1D9-D15660FC53DF}.Debug|Any CPU.ActiveCfg = Debug|Any CPU
		{9944D9D4-6ADE-46AD-B1D9-D15660FC53DF}.Release|Any CPU.ActiveCfg = Release|Any CPU
	EndGlobalSection
	GlobalSection(SolutionProperties) = preSolution
		HideSolutionNode = FALSE
	EndGlobalSection
	GlobalSection(ExtensibilityGlobals) = postSolution
		SolutionGuid = {C8AE887C-F5A6-4195-9260-57DEF7B1983B}
	EndGlobalSection
EndGlobal
